PODS:
  - Alamofire (4.7.3)
  - AlamofireImage (3.4.1):
    - Alamofire (~> 4.7)
  - AlamofireNetworkActivityIndicator (2.2.1):
    - Alamofire (~> 4.7)
  - AlamofireObjectMapper (5.1.0):
    - Alamofire (~> 4.1)
    - ObjectMapper (~> 3.3)
  - arek/Core (3.0.0):
    - PMAlertController (= 3.4.0)
  - arek/Location (3.0.0):
    - arek/Core
    - PMAlertController (= 3.4.0)
  - arek/Motion (3.0.0):
    - arek/Core
    - PMAlertController (= 3.4.0)
  - arek/Notifications (3.0.0):
    - arek/Core
    - PMAlertController (= 3.4.0)
  - CPDAcknowledgements (1.0.0)
  - Crashlytics (3.10.2):
    - Fabric (~> 1.7.7)
  - DeviceKit (1.7.0)
  - Eureka (4.1.1)
  - Fabric (1.7.7)
  - FontAwesomeKit/Core (2.2.5)
  - FontAwesomeKit/MaterialDesignIcons (2.2.5):
    - FontAwesomeKit/Core
  - KeychainAccess (3.1.1)
  - MBProgressHUD (1.1.0)
  - ObjectMapper (3.3.0)
  - PMAlertController (3.4.0)
  - PromiseKit (6.3.0):
    - PromiseKit/CorePromise (= 6.3.0)
    - PromiseKit/Foundation (= 6.3.0)
    - PromiseKit/UIKit (= 6.3.0)
  - PromiseKit/CorePromise (6.3.0)
  - PromiseKit/Foundation (6.3.0):
    - PromiseKit/CorePromise
  - PromiseKit/UIKit (6.3.0):
    - PromiseKit/CorePromise
  - Realm (3.10.0):
    - Realm/Headers (= 3.10.0)
  - Realm/Headers (3.10.0)
  - RealmSwift (3.10.0):
    - Realm (= 3.10.0)
  - SwiftGen (5.3.0)
  - SwiftLint (0.25.1)

DEPENDENCIES:
  - Alamofire (= 4.7.3)
  - AlamofireImage (= 3.4.1)
  - AlamofireNetworkActivityIndicator (= 2.2.1)
  - AlamofireObjectMapper (= 5.1.0)
  - arek/Location (= 3.0.0)
  - arek/Motion (= 3.0.0)
  - arek/Notifications (= 3.0.0)
  - CPDAcknowledgements (= 1.0.0)
  - Crashlytics (= 3.10.2)
  - DeviceKit (= 1.7.0)
  - Eureka (= 4.1.1)
  - Fabric (= 1.7.7)
  - FontAwesomeKit/MaterialDesignIcons (from `https://github.com/robbiet480/FontAwesomeKit.git`, branch `Material-Design-Icons`)
  - KeychainAccess (= 3.1.1)
  - MBProgressHUD (= 1.1.0)
  - ObjectMapper (= 3.3.0)
  - PromiseKit (= 6.3.0)
  - RealmSwift
  - SwiftGen (= 5.3.0)
  - SwiftLint (= 0.25.1)

SPEC REPOS:
  https://github.com/cocoapods/specs.git:
    - Alamofire
    - AlamofireImage
    - AlamofireNetworkActivityIndicator
    - AlamofireObjectMapper
    - arek
    - CPDAcknowledgements
    - Crashlytics
    - DeviceKit
    - Eureka
    - Fabric
    - KeychainAccess
    - MBProgressHUD
    - ObjectMapper
    - PMAlertController
    - PromiseKit
    - Realm
    - RealmSwift
    - SwiftGen
    - SwiftLint

EXTERNAL SOURCES:
  FontAwesomeKit:
    :branch: Material-Design-Icons
    :git: https://github.com/robbiet480/FontAwesomeKit.git

CHECKOUT OPTIONS:
  FontAwesomeKit:
    :commit: e4069745624783372481bab7d163f4485931b527
    :git: https://github.com/robbiet480/FontAwesomeKit.git

SPEC CHECKSUMS:
  Alamofire: c7287b6e5d7da964a70935e5db17046b7fde6568
  AlamofireImage: 78d67ccbb763d87ba44b21583d2153500a195630
  AlamofireNetworkActivityIndicator: aeac50e6ecb78ec71a5f1f29098bcf4ec2962910
  AlamofireObjectMapper: 3395e698901d8b0e6f48b7d0c43bd47875325102
  arek: 9291109856b9820353342cee2215b2f58c7d1709
  CPDAcknowledgements: 6e15e71849ba4ad5e8a17a0bb9d20938ad23bac8
  Crashlytics: 0360624eea1c978a743feddb2fb1ef8b37fb7a0d
  DeviceKit: 6a5bdeb103c03757bb94aef1ccb01e08bc8ef4ee
  Eureka: b88fb930e42c79f8c03c373d0fcdc28c1d6c50ed
  Fabric: bda89e242bce1b7b8ab264248cf3407774ce0095
  FontAwesomeKit: c56e7e8db4ad4e7325ce73a8033dadf2fd4a5cb2
  KeychainAccess: 7bd430028059754a3debab3cfc0bd1fc7fb85df3
  MBProgressHUD: e7baa36a220447d8aeb12769bf0585582f3866d9
  ObjectMapper: b612bf8c8e99c4dc0bb6013a51f7c27966ed5da9
  PMAlertController: efb781925d741d50e0200018a00c53cecb8b4910
  PromiseKit: cf84bbb1235a61473b326c5cf0b41f6828f87ba5
  Realm: 85ab9e4f779d66f6e9ffeb118dc25b7f130c96ac
  RealmSwift: 69121c8b86d0ae005fb779efdb10e606732e1c74
  SwiftGen: 4379bd3640b0a212a0f6ea3c494adba385513d10
  SwiftLint: ce933681be10c3266e82576dad676fa815a602e9

PODFILE CHECKSUM: 89da678817243675854cb87919cf6089bfbadda6

COCOAPODS: 1.5.3
