PODS:
  - Alamofire (4.9.0)
  - AlamofireImage (3.5.2):
    - Alamofire (~> 4.8)
  - AlamofireNetworkActivityIndicator (2.3.0):
    - Alamofire (~> 4.7)
  - BoringSSL-GRPC (0.0.3):
    - BoringSSL-GRPC/Implementation (= 0.0.3)
    - BoringSSL-GRPC/Interface (= 0.0.3)
  - BoringSSL-GRPC/Implementation (0.0.3):
    - BoringSSL-GRPC/Interface (= 0.0.3)
  - BoringSSL-GRPC/Interface (0.0.3)
  - CallbackURLKit (2.3.0):
    - CallbackURLKit/Core (= 2.3.0)
  - CallbackURLKit/Core (2.3.0)
  - ColorPickerRow (1.3.2):
    - Eureka (>= 5.0.0)
    - UIColor_Hex_Swift (>= 3.0.0)
  - Communicator (3.2.0):
    - TABObserverSet (~> 2)
  - CPDAcknowledgements (1.0.0)
  - Crashlytics (3.14.0):
    - Fabric (~> 1.10.2)
  - DeviceKit (2.3.0)
  - EMTLoadingIndicator (4.0.0)
  - Eureka (5.1.0)
  - Fabric (1.10.2)
  - Firebase/Core (6.10.0):
    - Firebase/CoreOnly
    - FirebaseAnalytics (= 6.1.3)
  - Firebase/CoreOnly (6.10.0):
    - FirebaseCore (= 6.3.1)
  - Firebase/Firestore (6.10.0):
    - Firebase/CoreOnly
    - FirebaseFirestore (~> 1.6.0)
  - Firebase/Messaging (6.10.0):
    - Firebase/CoreOnly
    - FirebaseMessaging (~> 4.1.6)
  - FirebaseAnalytics (6.1.3):
    - FirebaseCore (~> 6.3)
    - FirebaseInstanceID (~> 4.2)
    - GoogleAppMeasurement (= 6.1.3)
    - GoogleUtilities/AppDelegateSwizzler (~> 6.0)
    - GoogleUtilities/MethodSwizzler (~> 6.0)
    - GoogleUtilities/Network (~> 6.0)
    - "GoogleUtilities/NSData+zlib (~> 6.0)"
    - nanopb (~> 0.3.901)
  - FirebaseAnalyticsInterop (1.4.0)
  - FirebaseAuthInterop (1.0.0)
  - FirebaseCore (6.3.1):
    - FirebaseCoreDiagnostics (~> 1.0)
    - FirebaseCoreDiagnosticsInterop (~> 1.0)
    - GoogleUtilities/Environment (~> 6.2)
    - GoogleUtilities/Logger (~> 6.2)
  - FirebaseCoreDiagnostics (1.1.1):
    - FirebaseCoreDiagnosticsInterop (~> 1.0)
    - GoogleDataTransportCCTSupport (~> 1.0)
    - GoogleUtilities/Environment (~> 6.2)
    - GoogleUtilities/Logger (~> 6.2)
    - nanopb (~> 0.3.901)
  - FirebaseCoreDiagnosticsInterop (1.0.0)
  - FirebaseFirestore (1.6.0):
    - FirebaseAuthInterop (~> 1.0)
    - FirebaseCore (~> 6.2)
    - FirebaseFirestore/abseil-cpp (= 1.6.0)
    - "gRPC-C++ (= 0.0.9)"
    - leveldb-library (~> 1.22)
    - nanopb (~> 0.3.901)
    - Protobuf (>= 3.9.2, ~> 3.9)
  - FirebaseFirestore/abseil-cpp (1.6.0):
    - FirebaseAuthInterop (~> 1.0)
    - FirebaseCore (~> 6.2)
    - "gRPC-C++ (= 0.0.9)"
    - leveldb-library (~> 1.22)
    - nanopb (~> 0.3.901)
    - Protobuf (>= 3.9.2, ~> 3.9)
  - FirebaseInstanceID (4.2.5):
    - FirebaseCore (~> 6.0)
    - GoogleUtilities/Environment (~> 6.0)
    - GoogleUtilities/UserDefaults (~> 6.0)
  - FirebaseMessaging (4.1.6):
    - FirebaseAnalyticsInterop (~> 1.3)
    - FirebaseCore (~> 6.2)
    - FirebaseInstanceID (~> 4.1)
    - GoogleUtilities/AppDelegateSwizzler (~> 6.2)
    - GoogleUtilities/Environment (~> 6.2)
    - GoogleUtilities/Reachability (~> 6.2)
    - GoogleUtilities/UserDefaults (~> 6.2)
    - Protobuf (>= 3.9.2, ~> 3.9)
  - GoogleAppMeasurement (6.1.3):
    - GoogleUtilities/AppDelegateSwizzler (~> 6.0)
    - GoogleUtilities/MethodSwizzler (~> 6.0)
    - GoogleUtilities/Network (~> 6.0)
    - "GoogleUtilities/NSData+zlib (~> 6.0)"
    - nanopb (~> 0.3.901)
  - GoogleDataTransport (3.0.1)
  - GoogleDataTransportCCTSupport (1.2.1):
    - GoogleDataTransport (~> 3.0)
    - nanopb (~> 0.3.901)
  - GoogleUtilities/AppDelegateSwizzler (6.3.1):
    - GoogleUtilities/Environment
    - GoogleUtilities/Logger
    - GoogleUtilities/Network
  - GoogleUtilities/Environment (6.3.1)
  - GoogleUtilities/Logger (6.3.1):
    - GoogleUtilities/Environment
  - GoogleUtilities/MethodSwizzler (6.3.1):
    - GoogleUtilities/Logger
  - GoogleUtilities/Network (6.3.1):
    - GoogleUtilities/Logger
    - "GoogleUtilities/NSData+zlib"
    - GoogleUtilities/Reachability
  - "GoogleUtilities/NSData+zlib (6.3.1)"
  - GoogleUtilities/Reachability (6.3.1):
    - GoogleUtilities/Logger
  - GoogleUtilities/UserDefaults (6.3.1):
    - GoogleUtilities/Logger
  - "gRPC-C++ (0.0.9)":
    - "gRPC-C++/Implementation (= 0.0.9)"
    - "gRPC-C++/Interface (= 0.0.9)"
  - "gRPC-C++/Implementation (0.0.9)":
    - "gRPC-C++/Interface (= 0.0.9)"
    - gRPC-Core (= 1.21.0)
    - nanopb (~> 0.3)
  - "gRPC-C++/Interface (0.0.9)"
  - gRPC-Core (1.21.0):
    - gRPC-Core/Implementation (= 1.21.0)
    - gRPC-Core/Interface (= 1.21.0)
  - gRPC-Core/Implementation (1.21.0):
    - BoringSSL-GRPC (= 0.0.3)
    - gRPC-Core/Interface (= 1.21.0)
    - nanopb (~> 0.3)
  - gRPC-Core/Interface (1.21.0)
  - Iconic (1.5)
  - KeychainAccess (3.2.0)
  - leveldb-library (1.22)
  - Lokalise (0.10.0)
  - lottie-ios (3.1.3)
  - MaterialComponents/AnimationTiming (92.4.0)
  - MaterialComponents/Buttons (92.4.0):
    - MaterialComponents/Elevation
    - MaterialComponents/Ink
    - MaterialComponents/private/Math
    - MaterialComponents/Ripple
    - MaterialComponents/ShadowElevations
    - MaterialComponents/ShadowLayer
    - MaterialComponents/Shapes
    - MaterialComponents/Typography
    - MDFInternationalization
    - MDFTextAccessibility
  - "MaterialComponents/Buttons+ButtonThemer (92.4.0)":
    - MaterialComponents/Buttons
    - "MaterialComponents/Buttons+ColorThemer"
    - "MaterialComponents/Buttons+ShapeThemer"
    - "MaterialComponents/Buttons+TypographyThemer"
    - MaterialComponents/Palettes
  - "MaterialComponents/Buttons+ColorThemer (92.4.0)":
    - MaterialComponents/Buttons
    - MaterialComponents/schemes/Color
  - "MaterialComponents/Buttons+ShapeThemer (92.4.0)":
    - MaterialComponents/Buttons
    - MaterialComponents/schemes/Shape
  - "MaterialComponents/Buttons+TypographyThemer (92.4.0)":
    - MaterialComponents/Buttons
    - MaterialComponents/schemes/Typography
  - MaterialComponents/Elevation (92.4.0):
    - MaterialComponents/private/Color
    - MaterialComponents/private/Math
  - MaterialComponents/Ink (92.4.0):
    - MaterialComponents/private/Color
    - MaterialComponents/private/Math
  - MaterialComponents/Palettes (92.4.0)
  - MaterialComponents/private/Application (92.4.0)
  - MaterialComponents/private/Color (92.4.0)
  - MaterialComponents/private/Math (92.4.0)
  - MaterialComponents/Ripple (92.4.0):
    - MaterialComponents/AnimationTiming
    - MaterialComponents/private/Color
    - MaterialComponents/private/Math
  - MaterialComponents/schemes/Color (92.4.0):
    - MaterialComponents/private/Color
  - MaterialComponents/schemes/Shape (92.4.0):
    - MaterialComponents/ShapeLibrary
    - MaterialComponents/Shapes
  - MaterialComponents/schemes/Typography (92.4.0):
    - "MaterialComponents/schemes/Typography+BasicFontScheme"
    - MaterialComponents/Typography
  - "MaterialComponents/schemes/Typography+BasicFontScheme (92.4.0)"
  - MaterialComponents/ShadowElevations (92.4.0)
  - MaterialComponents/ShadowLayer (92.4.0):
    - MaterialComponents/ShadowElevations
  - MaterialComponents/ShapeLibrary (92.4.0):
    - MaterialComponents/private/Math
    - MaterialComponents/Shapes
  - MaterialComponents/Shapes (92.4.0):
    - MaterialComponents/private/Color
    - MaterialComponents/private/Math
    - MaterialComponents/ShadowLayer
  - MaterialComponents/Typography (92.4.0):
    - MaterialComponents/private/Application
    - MaterialComponents/private/Math
  - MBProgressHUD (1.1.0)
  - MDFInternationalization (2.0.0)
  - MDFTextAccessibility (2.0.0)
  - nanopb (0.3.901):
    - nanopb/decode (= 0.3.901)
    - nanopb/encode (= 0.3.901)
  - nanopb/decode (0.3.901)
  - nanopb/encode (0.3.901)
  - ObjcExceptionBridging (1.0.1):
    - ObjcExceptionBridging/ObjcExceptionBridging (= 1.0.1)
  - ObjcExceptionBridging/ObjcExceptionBridging (1.0.1)
  - ObjectMapper (3.5.0)
  - PromiseKit (6.11.0):
    - PromiseKit/CorePromise (= 6.11.0)
    - PromiseKit/Foundation (= 6.11.0)
    - PromiseKit/UIKit (= 6.11.0)
  - PromiseKit/CorePromise (6.11.0)
  - PromiseKit/Foundation (6.11.0):
    - PromiseKit/CorePromise
  - PromiseKit/UIKit (6.11.0):
    - PromiseKit/CorePromise
  - Protobuf (3.10.0)
  - ReachabilitySwift (5.0.0)
  - Realm (3.19.0):
    - Realm/Headers (= 3.19.0)
  - Realm/Headers (3.19.0)
  - RealmSwift (3.19.0):
    - Realm (= 3.19.0)
  - SimulatorStatusMagic (2.4.1)
  - Sodium (0.8.0)
  - SwiftConfettiView (0.1.0)
  - SwiftGen (6.1.0)
  - SwiftLint (0.31.0)
  - SwiftMessages (7.0.1):
    - SwiftMessages/App (= 7.0.1)
  - SwiftMessages/App (7.0.1)
  - SwiftyStoreKit (0.15.0)
  - TABObserverSet (2.1.0)
  - UIColor_Hex_Swift (5.1.0)
  - Version (0.6.3)
  - ViewRow (0.7):
    - Eureka (>= 5.0.0)
  - WhatsNewKit (1.3.0)
  - XCGLogger (7.0.0):
    - XCGLogger/Core (= 7.0.0)
  - XCGLogger/Core (7.0.0):
    - ObjcExceptionBridging
  - ZIPFoundation (0.9.9)

DEPENDENCIES:
  - Alamofire
  - AlamofireImage
  - AlamofireNetworkActivityIndicator (~> 2.3.0)
  - CallbackURLKit
  - ColorPickerRow (from `https://github.com/EurekaCommunity/ColorPickerRow`, branch `master`)
  - Communicator
  - CPDAcknowledgements (from `https://github.com/CocoaPods/CPDAcknowledgements`, branch `master`)
  - Crashlytics
  - DeviceKit
  - EMTLoadingIndicator (from `https://github.com/hirokimu/EMTLoadingIndicator`, branch `master`)
  - Eureka (from `https://github.com/xmartlabs/Eureka.git`, branch `master`)
  - Fabric
  - Firebase/Core
  - Firebase/Firestore
  - Firebase/Messaging
  - Iconic (from `https://github.com/home-assistant/Iconic.git`, branch `master`)
  - KeychainAccess
  - Lokalise (~> 0.10.0)
  - lottie-ios
  - MaterialComponents/Buttons
  - "MaterialComponents/Buttons+ButtonThemer"
  - MBProgressHUD (~> 1.1.0)
  - ObjectMapper (from `https://github.com/tristanhimmelman/ObjectMapper.git`, branch `master`)
  - PromiseKit
  - ReachabilitySwift
  - RealmSwift
  - SimulatorStatusMagic
  - Sodium
  - SwiftConfettiView
  - SwiftGen (~> 6.1.0)
  - SwiftLint (~> 0.31.0)
  - SwiftMessages (from `https://github.com/SwiftKickMobile/SwiftMessages.git`, branch `master`)
  - SwiftyStoreKit
  - UIColor_Hex_Swift
  - Version (from `https://github.com/guykogus/Version.git`, branch `master`)
  - ViewRow (from `https://github.com/EurekaCommunity/ViewRow`, branch `master`)
  - WhatsNewKit
  - XCGLogger
  - ZIPFoundation (~> 0.9)

SPEC REPOS:
  trunk:
    - Alamofire
    - AlamofireImage
    - AlamofireNetworkActivityIndicator
    - BoringSSL-GRPC
    - CallbackURLKit
    - Communicator
    - Crashlytics
    - DeviceKit
    - Fabric
    - Firebase
    - FirebaseAnalytics
    - FirebaseAnalyticsInterop
    - FirebaseAuthInterop
    - FirebaseCore
    - FirebaseCoreDiagnostics
    - FirebaseCoreDiagnosticsInterop
    - FirebaseFirestore
    - FirebaseInstanceID
    - FirebaseMessaging
    - GoogleAppMeasurement
    - GoogleDataTransport
    - GoogleDataTransportCCTSupport
    - GoogleUtilities
    - "gRPC-C++"
    - gRPC-Core
    - KeychainAccess
    - leveldb-library
    - Lokalise
    - lottie-ios
    - MaterialComponents
    - MBProgressHUD
    - MDFInternationalization
    - MDFTextAccessibility
    - nanopb
    - ObjcExceptionBridging
    - PromiseKit
    - Protobuf
    - ReachabilitySwift
    - Realm
    - RealmSwift
    - SimulatorStatusMagic
    - Sodium
    - SwiftConfettiView
    - SwiftGen
    - SwiftLint
    - SwiftyStoreKit
    - TABObserverSet
    - UIColor_Hex_Swift
    - WhatsNewKit
    - XCGLogger
    - ZIPFoundation

EXTERNAL SOURCES:
  ColorPickerRow:
    :branch: master
    :git: https://github.com/EurekaCommunity/ColorPickerRow
  CPDAcknowledgements:
    :branch: master
    :git: https://github.com/CocoaPods/CPDAcknowledgements
  EMTLoadingIndicator:
    :branch: master
    :git: https://github.com/hirokimu/EMTLoadingIndicator
  Eureka:
    :branch: master
    :git: https://github.com/xmartlabs/Eureka.git
  Iconic:
    :branch: master
    :git: https://github.com/home-assistant/Iconic.git
  ObjectMapper:
    :branch: master
    :git: https://github.com/tristanhimmelman/ObjectMapper.git
  SwiftMessages:
    :branch: master
    :git: https://github.com/SwiftKickMobile/SwiftMessages.git
  Version:
    :branch: master
    :git: https://github.com/guykogus/Version.git
  ViewRow:
    :branch: master
    :git: https://github.com/EurekaCommunity/ViewRow

CHECKOUT OPTIONS:
  ColorPickerRow:
    :commit: b61a3d17e3df2160863456687c9a851bc00ceb29
    :git: https://github.com/EurekaCommunity/ColorPickerRow
  CPDAcknowledgements:
    :commit: 2f289a19c3ec41f835a9629fdbea4a89033f61a1
    :git: https://github.com/CocoaPods/CPDAcknowledgements
  EMTLoadingIndicator:
    :commit: ff5b4ccf9bb424cb454e76ee91e32165d2d9c12c
    :git: https://github.com/hirokimu/EMTLoadingIndicator
  Eureka:
    :commit: bc6e1d0e570eef723ca14eaa720a7517099d9e04
    :git: https://github.com/xmartlabs/Eureka.git
  Iconic:
    :commit: 2e16c4a7665a03e203c4ef913858d2428e40f3ae
    :git: https://github.com/home-assistant/Iconic.git
  ObjectMapper:
    :commit: 19d499c65b8240f1220d7cf155ccd309857f8018
    :git: https://github.com/tristanhimmelman/ObjectMapper.git
  SwiftMessages:
    :commit: c0d69eecf6a0a4130c25aee4d1e303db2b0ab082
    :git: https://github.com/SwiftKickMobile/SwiftMessages.git
  Version:
    :commit: 4c7377234ca33fa4020730d42b8500ff60946da0
    :git: https://github.com/guykogus/Version.git
  ViewRow:
    :commit: af0a05cb8a5c406d7237a427fdb5b8008e450808
    :git: https://github.com/EurekaCommunity/ViewRow

SPEC CHECKSUMS:
  Alamofire: afc3e7c6db61476cb45cdd23fed06bad03bbc321
  AlamofireImage: 63cfe3baf1370be6c498149687cf6db3e3b00999
  AlamofireNetworkActivityIndicator: 18346ff6d770d9513d0ac6f2d99706f40f93dbaa
  BoringSSL-GRPC: db8764df3204ccea016e1c8dd15d9a9ad63ff318
  CallbackURLKit: a940d1b869c70e1fa700ea06f988ba2a8963dafb
  ColorPickerRow: 7cb51378b7e850dd7144a98ceba7741cb6745f53
  Communicator: 16a6743c9e7451f938406632b910ffb658339087
  CPDAcknowledgements: 6e15e71849ba4ad5e8a17a0bb9d20938ad23bac8
  Crashlytics: 540b7e5f5da5a042647227a5e3ac51d85eed06df
  DeviceKit: da103891aa928d89f64ea8dd8aca738c5f3d8ac0
  EMTLoadingIndicator: 0d3256b0de3e6ba5ab17048acc7aa93af34e48d3
  Eureka: 18a5076dcf0c41f9cd9748aa1c42f4d11434bdae
  Fabric: 706c8b8098fff96c33c0db69cbf81f9c551d0d74
  Firebase: 5e6b7b12bf9adb90986688edc06b156c37e109cd
  FirebaseAnalytics: 0e3ecff2c5d86070f7d4325e21f1edabfbd558dc
  FirebaseAnalyticsInterop: d48b6ab67bcf016a05e55b71fc39c61c0cb6b7f3
  FirebaseAuthInterop: 0ffa57668be100582bb7643d4fcb7615496c41fc
  FirebaseCore: 064c2dd92a8ca5974bbdcb080df9921e46bd34cd
  FirebaseCoreDiagnostics: af29e43048607588c050889d19204f4d7b758c9f
  FirebaseCoreDiagnosticsInterop: 6829da2b8d1fc795ff1bd99df751d3788035d2cb
  FirebaseFirestore: 5a9e9a14305336e8d1a4f915a45ecf0f5d6dcaec
  FirebaseInstanceID: 550df9be1f99f751d8fcde3ac342a1e21a0e6c42
  FirebaseMessaging: 35edef69a6af9b34e9e44624089f054be3c09089
  GoogleAppMeasurement: 434cc7be25e71dc04b8d0e3079125127b330e84a
  GoogleDataTransport: 166f9b9f82cbf60a204e8fe2daa9db3e3ec1fb15
  GoogleDataTransportCCTSupport: f6ab1962e9dc05ab1fb938b795e5b310209edeec
  GoogleUtilities: f895fde57977df4e0233edda0dbeac490e3703b6
  "gRPC-C++": 9dfe7b44821e7b3e44aacad2af29d2c21f7cde83
  gRPC-Core: c9aef9a261a1247e881b18059b84d597293c9947
  Iconic: c1a7242e32d3cec44f5d7c4b2e6801dc853001a3
  KeychainAccess: 3b1bf8a77eb4c6ea1ce9404c292e48f948954c6b
  leveldb-library: 55d93ee664b4007aac644a782d11da33fba316f7
  Lokalise: bc42066e2dde59b43b46e88ecc0b92b7d593dc72
  lottie-ios: 496ac5cea1bbf1a7bd1f1f472f3232eb1b8d744b
  MaterialComponents: b584175e16dc0bff91ca4c867c64f381f89511ae
  MBProgressHUD: e7baa36a220447d8aeb12769bf0585582f3866d9
  MDFInternationalization: 010097556d6b09d2c4ea38e0820ea6d37be6a314
  MDFTextAccessibility: 85c09a1bd9c321f494348e632a25063bcda35a53
  nanopb: 2901f78ea1b7b4015c860c2fdd1ea2fee1a18d48
  ObjcExceptionBridging: c30e00eb3700467e695faeea30e26e18bd445001
  ObjectMapper: 078b564ed25c6578b62588e306bf1da3924636d4
  PromiseKit: e4863d06976e7dee5e41c04fc7371c16b3600292
  Protobuf: a4dc852ad69c027ca2166ed287b856697814375b
  ReachabilitySwift: 985039c6f7b23a1da463388634119492ff86c825
  Realm: 995d585bcf699aaff226715886c849a29dd3d07f
  RealmSwift: 35f284a537989f2187b413e5917091948cb87a3f
  SimulatorStatusMagic: 28d4a9d1a500ac7cea0b2b5a43c1c6ddb40ba56c
  Sodium: 63c0ca312a932e6da481689537d4b35568841bdc
  SwiftConfettiView: 1bdbc2e6913b6b1c76d8070802b212508ad5c352
  SwiftGen: f872ca75cbd17bf7103c17f13dcfa0d9a15667b0
  SwiftLint: 7a0227733d786395817373b2d0ca799fd0093ff3
  SwiftMessages: 717510963fb9c9215c58f38bbc74801e4bf134c6
  SwiftyStoreKit: 033d06b6f87955405d3f844a18a7687c2438592a
  TABObserverSet: dcdc5087b5dee54a9dcc29e155bb554394829f30
  UIColor_Hex_Swift: 8be7432edacb7fa91c78aa05ef3c30b66e4f9415
  Version: d735da1cdc6734c97e5208b1449d0b51d385e58b
  ViewRow: 4ef3ff348a6efa47fa8238b893c7cad6b6188f30
  WhatsNewKit: 7ec83c4ab2240605c3af63e302ede1310ab366be
  XCGLogger: 0434f15e3909cdc450bb63faf638b8792ab782ab
  ZIPFoundation: 89df685c971926b0323087952320bdfee9f0b6ef

PODFILE CHECKSUM: a008caca512be8d0f9e8aaaf9dfd5feadf9811f0

COCOAPODS: 1.8.4
