// !$*UTF8*$!
{
	archiveVersion = 1;
	classes = {
	};
	objectVersion = 46;
	objects = {

/* Begin PBXBuildFile section */
		6E36319C48CF8F82D7702470 /* Pods_HomeAssistant.framework in Frameworks */ = {isa = PBXBuildFile; fileRef = 88052763960E54E202BAED19 /* Pods_HomeAssistant.framework */; };
		B60B35BA1CB6019B00887BE1 /* SwitchWithInfoButton.swift in Sources */ = {isa = PBXBuildFile; fileRef = B60B35B91CB6019B00887BE1 /* SwitchWithInfoButton.swift */; };
		B60B35BF1CB62AA200887BE1 /* SwitchWithInfoButton.xib in Resources */ = {isa = PBXBuildFile; fileRef = B60B35BE1CB62AA200887BE1 /* SwitchWithInfoButton.xib */; };
		B624DE181CB8369200F413CE /* DevicesMapViewController.swift in Sources */ = {isa = PBXBuildFile; fileRef = B624DE171CB8369200F413CE /* DevicesMapViewController.swift */; };
		B6393F861CB255F200503916 /* EurekaLocationRow.swift in Sources */ = {isa = PBXBuildFile; fileRef = B6393F851CB255F200503916 /* EurekaLocationRow.swift */; };
		B6393F881CB2561100503916 /* MapKit.framework in Frameworks */ = {isa = PBXBuildFile; fileRef = B6393F871CB2561100503916 /* MapKit.framework */; };
		B6393F8C1CB260E800503916 /* EntityAttributesViewController.swift in Sources */ = {isa = PBXBuildFile; fileRef = B6393F8B1CB260E800503916 /* EntityAttributesViewController.swift */; };
		B64D047A1CB8908B00B945C8 /* StateChanged.swift in Sources */ = {isa = PBXBuildFile; fileRef = B64D04791CB8908B00B945C8 /* StateChanged.swift */; };
		B64D047D1CB8916300B945C8 /* Event.swift in Sources */ = {isa = PBXBuildFile; fileRef = B64D047C1CB8916300B945C8 /* Event.swift */; };
		B657A8EA1CA646EB00121384 /* AppDelegate.swift in Sources */ = {isa = PBXBuildFile; fileRef = B657A8E91CA646EB00121384 /* AppDelegate.swift */; };
		B657A8EE1CA646EB00121384 /* SettingsViewController.swift in Sources */ = {isa = PBXBuildFile; fileRef = B657A8ED1CA646EB00121384 /* SettingsViewController.swift */; };
		B657A8F11CA646EB00121384 /* Main.storyboard in Resources */ = {isa = PBXBuildFile; fileRef = B657A8EF1CA646EB00121384 /* Main.storyboard */; };
		B657A8F31CA646EB00121384 /* Assets.xcassets in Resources */ = {isa = PBXBuildFile; fileRef = B657A8F21CA646EB00121384 /* Assets.xcassets */; };
		B657A8F61CA646EB00121384 /* LaunchScreen.storyboard in Resources */ = {isa = PBXBuildFile; fileRef = B657A8F41CA646EB00121384 /* LaunchScreen.storyboard */; };
		B657A9011CA646EB00121384 /* HomeAssistantTests.swift in Sources */ = {isa = PBXBuildFile; fileRef = B657A9001CA646EB00121384 /* HomeAssistantTests.swift */; };
		B657A90C1CA646EB00121384 /* HomeAssistantUITests.swift in Sources */ = {isa = PBXBuildFile; fileRef = B657A90B1CA646EB00121384 /* HomeAssistantUITests.swift */; };
		B657A91A1CA647C500121384 /* HAAPI.swift in Sources */ = {isa = PBXBuildFile; fileRef = B657A9191CA647C500121384 /* HAAPI.swift */; };
		B6E1237B1CB1EBE100375722 /* SNSLambda.js in Resources */ = {isa = PBXBuildFile; fileRef = B6E1237A1CB1EBE100375722 /* SNSLambda.js */; };
		B6E47E881CBA01310027F6CA /* CallService.swift in Sources */ = {isa = PBXBuildFile; fileRef = B6E47E871CBA01310027F6CA /* CallService.swift */; };
		B6E47E8A1CBA01DC0027F6CA /* ServiceExecuted.swift in Sources */ = {isa = PBXBuildFile; fileRef = B6E47E891CBA01DC0027F6CA /* ServiceExecuted.swift */; };
		B6E47E8E1CBA3EDB0027F6CA /* ZoneComponent.swift in Sources */ = {isa = PBXBuildFile; fileRef = B6E47E8D1CBA3EDB0027F6CA /* ZoneComponent.swift */; };
		B6E47E9A1CBB47EC0027F6CA /* DeviceUID.m in Sources */ = {isa = PBXBuildFile; fileRef = B6E47E991CBB47EC0027F6CA /* DeviceUID.m */; };
		B6E857A21CB1CCCC00F96925 /* Utils.swift in Sources */ = {isa = PBXBuildFile; fileRef = B6E857A11CB1CCCC00F96925 /* Utils.swift */; };
		B6F02BE91CB46AF40029ABE7 /* Entity.swift in Sources */ = {isa = PBXBuildFile; fileRef = B6F02BE81CB46AF40029ABE7 /* Entity.swift */; };
		B6F02BEB1CB46D090029ABE7 /* GroupComponent.swift in Sources */ = {isa = PBXBuildFile; fileRef = B6F02BEA1CB46D090029ABE7 /* GroupComponent.swift */; };
		B6F02BEE1CB46EB10029ABE7 /* Status.swift in Sources */ = {isa = PBXBuildFile; fileRef = B6F02BED1CB46EB10029ABE7 /* Status.swift */; };
		B6F02BF01CB46EC70029ABE7 /* Bootstrap.swift in Sources */ = {isa = PBXBuildFile; fileRef = B6F02BEF1CB46EC70029ABE7 /* Bootstrap.swift */; };
		B6F02BF21CB470570029ABE7 /* Config.swift in Sources */ = {isa = PBXBuildFile; fileRef = B6F02BF11CB470570029ABE7 /* Config.swift */; };
		B6F02BF61CB4728D0029ABE7 /* History.swift in Sources */ = {isa = PBXBuildFile; fileRef = B6F02BF51CB4728D0029ABE7 /* History.swift */; };
		B6F02BFA1CB47F930029ABE7 /* Events.swift in Sources */ = {isa = PBXBuildFile; fileRef = B6F02BF91CB47F930029ABE7 /* Events.swift */; };
		B6F02BFC1CB4800C0029ABE7 /* Services.swift in Sources */ = {isa = PBXBuildFile; fileRef = B6F02BFB1CB4800C0029ABE7 /* Services.swift */; };
		B6F02C0F1CB489770029ABE7 /* BinarySensorComponent.swift in Sources */ = {isa = PBXBuildFile; fileRef = B6F02C001CB489770029ABE7 /* BinarySensorComponent.swift */; };
		B6F02C101CB489770029ABE7 /* DeviceTrackerComponent.swift in Sources */ = {isa = PBXBuildFile; fileRef = B6F02C011CB489770029ABE7 /* DeviceTrackerComponent.swift */; };
		B6F02C111CB489770029ABE7 /* GarageDoorComponent.swift in Sources */ = {isa = PBXBuildFile; fileRef = B6F02C021CB489770029ABE7 /* GarageDoorComponent.swift */; };
		B6F02C121CB489770029ABE7 /* InputBooleanComponent.swift in Sources */ = {isa = PBXBuildFile; fileRef = B6F02C031CB489770029ABE7 /* InputBooleanComponent.swift */; };
		B6F02C131CB489770029ABE7 /* InputSelectComponent.swift in Sources */ = {isa = PBXBuildFile; fileRef = B6F02C041CB489770029ABE7 /* InputSelectComponent.swift */; };
		B6F02C141CB489770029ABE7 /* LightComponent.swift in Sources */ = {isa = PBXBuildFile; fileRef = B6F02C051CB489770029ABE7 /* LightComponent.swift */; };
		B6F02C151CB489770029ABE7 /* LockComponent.swift in Sources */ = {isa = PBXBuildFile; fileRef = B6F02C061CB489770029ABE7 /* LockComponent.swift */; };
		B6F02C161CB489770029ABE7 /* MediaPlayerComponent.swift in Sources */ = {isa = PBXBuildFile; fileRef = B6F02C071CB489770029ABE7 /* MediaPlayerComponent.swift */; };
		B6F02C171CB489770029ABE7 /* SceneComponent.swift in Sources */ = {isa = PBXBuildFile; fileRef = B6F02C081CB489770029ABE7 /* SceneComponent.swift */; };
		B6F02C181CB489770029ABE7 /* ScriptComponent.swift in Sources */ = {isa = PBXBuildFile; fileRef = B6F02C091CB489770029ABE7 /* ScriptComponent.swift */; };
		B6F02C191CB489770029ABE7 /* SensorComponent.swift in Sources */ = {isa = PBXBuildFile; fileRef = B6F02C0A1CB489770029ABE7 /* SensorComponent.swift */; };
		B6F02C1A1CB489770029ABE7 /* SunComponent.swift in Sources */ = {isa = PBXBuildFile; fileRef = B6F02C0B1CB489770029ABE7 /* SunComponent.swift */; };
		B6F02C1B1CB489770029ABE7 /* SwitchComponent.swift in Sources */ = {isa = PBXBuildFile; fileRef = B6F02C0C1CB489770029ABE7 /* SwitchComponent.swift */; };
		B6F02C1C1CB489770029ABE7 /* ThermostatComponent.swift in Sources */ = {isa = PBXBuildFile; fileRef = B6F02C0D1CB489770029ABE7 /* ThermostatComponent.swift */; };
		B6F02C1D1CB489770029ABE7 /* WeblinkComponent.swift in Sources */ = {isa = PBXBuildFile; fileRef = B6F02C0E1CB489770029ABE7 /* WeblinkComponent.swift */; };
		B6F7004A1CB34FA600753BAB /* GroupViewController.swift in Sources */ = {isa = PBXBuildFile; fileRef = B6F700491CB34FA600753BAB /* GroupViewController.swift */; };
		B6F700521CB374F700753BAB /* RootTabBarViewController.swift in Sources */ = {isa = PBXBuildFile; fileRef = B6F700511CB374F700753BAB /* RootTabBarViewController.swift */; };
/* End PBXBuildFile section */

/* Begin PBXContainerItemProxy section */
		B657A8FD1CA646EB00121384 /* PBXContainerItemProxy */ = {
			isa = PBXContainerItemProxy;
			containerPortal = B657A8DE1CA646EB00121384 /* Project object */;
			proxyType = 1;
			remoteGlobalIDString = B657A8E51CA646EB00121384;
			remoteInfo = HomeAssistant;
		};
		B657A9081CA646EB00121384 /* PBXContainerItemProxy */ = {
			isa = PBXContainerItemProxy;
			containerPortal = B657A8DE1CA646EB00121384 /* Project object */;
			proxyType = 1;
			remoteGlobalIDString = B657A8E51CA646EB00121384;
			remoteInfo = HomeAssistant;
		};
/* End PBXContainerItemProxy section */

/* Begin PBXFileReference section */
		5790ADF749393A229F29A51B /* Pods-HomeAssistant.release.xcconfig */ = {isa = PBXFileReference; includeInIndex = 1; lastKnownFileType = text.xcconfig; name = "Pods-HomeAssistant.release.xcconfig"; path = "Pods/Target Support Files/Pods-HomeAssistant/Pods-HomeAssistant.release.xcconfig"; sourceTree = "<group>"; };
		88052763960E54E202BAED19 /* Pods_HomeAssistant.framework */ = {isa = PBXFileReference; explicitFileType = wrapper.framework; includeInIndex = 0; path = Pods_HomeAssistant.framework; sourceTree = BUILT_PRODUCTS_DIR; };
		92AFEE5E5170AAC8E1C39DEE /* Pods-HomeAssistant.debug.xcconfig */ = {isa = PBXFileReference; includeInIndex = 1; lastKnownFileType = text.xcconfig; name = "Pods-HomeAssistant.debug.xcconfig"; path = "Pods/Target Support Files/Pods-HomeAssistant/Pods-HomeAssistant.debug.xcconfig"; sourceTree = "<group>"; };
		B60B35B91CB6019B00887BE1 /* SwitchWithInfoButton.swift */ = {isa = PBXFileReference; fileEncoding = 4; lastKnownFileType = sourcecode.swift; path = SwitchWithInfoButton.swift; sourceTree = "<group>"; };
		B60B35BE1CB62AA200887BE1 /* SwitchWithInfoButton.xib */ = {isa = PBXFileReference; fileEncoding = 4; lastKnownFileType = file.xib; path = SwitchWithInfoButton.xib; sourceTree = "<group>"; };
		B624DE171CB8369200F413CE /* DevicesMapViewController.swift */ = {isa = PBXFileReference; fileEncoding = 4; lastKnownFileType = sourcecode.swift; path = DevicesMapViewController.swift; sourceTree = "<group>"; };
		B6393F851CB255F200503916 /* EurekaLocationRow.swift */ = {isa = PBXFileReference; fileEncoding = 4; lastKnownFileType = sourcecode.swift; path = EurekaLocationRow.swift; sourceTree = "<group>"; };
		B6393F871CB2561100503916 /* MapKit.framework */ = {isa = PBXFileReference; lastKnownFileType = wrapper.framework; name = MapKit.framework; path = System/Library/Frameworks/MapKit.framework; sourceTree = SDKROOT; };
		B6393F8B1CB260E800503916 /* EntityAttributesViewController.swift */ = {isa = PBXFileReference; fileEncoding = 4; lastKnownFileType = sourcecode.swift; path = EntityAttributesViewController.swift; sourceTree = "<group>"; };
		B64D04791CB8908B00B945C8 /* StateChanged.swift */ = {isa = PBXFileReference; fileEncoding = 4; lastKnownFileType = sourcecode.swift; path = StateChanged.swift; sourceTree = "<group>"; };
		B64D047C1CB8916300B945C8 /* Event.swift */ = {isa = PBXFileReference; fileEncoding = 4; lastKnownFileType = sourcecode.swift; path = Event.swift; sourceTree = "<group>"; };
		B657A8E61CA646EB00121384 /* HomeAssistant.app */ = {isa = PBXFileReference; explicitFileType = wrapper.application; includeInIndex = 0; path = HomeAssistant.app; sourceTree = BUILT_PRODUCTS_DIR; };
		B657A8E91CA646EB00121384 /* AppDelegate.swift */ = {isa = PBXFileReference; lastKnownFileType = sourcecode.swift; path = AppDelegate.swift; sourceTree = "<group>"; };
		B657A8ED1CA646EB00121384 /* SettingsViewController.swift */ = {isa = PBXFileReference; lastKnownFileType = sourcecode.swift; path = SettingsViewController.swift; sourceTree = "<group>"; };
		B657A8F01CA646EB00121384 /* Base */ = {isa = PBXFileReference; lastKnownFileType = file.storyboard; name = Base; path = Base.lproj/Main.storyboard; sourceTree = "<group>"; };
		B657A8F21CA646EB00121384 /* Assets.xcassets */ = {isa = PBXFileReference; lastKnownFileType = folder.assetcatalog; path = Assets.xcassets; sourceTree = "<group>"; };
		B657A8F51CA646EB00121384 /* Base */ = {isa = PBXFileReference; lastKnownFileType = file.storyboard; name = Base; path = Base.lproj/LaunchScreen.storyboard; sourceTree = "<group>"; };
		B657A8F71CA646EB00121384 /* Info.plist */ = {isa = PBXFileReference; lastKnownFileType = text.plist.xml; path = Info.plist; sourceTree = "<group>"; };
		B657A8FC1CA646EB00121384 /* HomeAssistantTests.xctest */ = {isa = PBXFileReference; explicitFileType = wrapper.cfbundle; includeInIndex = 0; path = HomeAssistantTests.xctest; sourceTree = BUILT_PRODUCTS_DIR; };
		B657A9001CA646EB00121384 /* HomeAssistantTests.swift */ = {isa = PBXFileReference; lastKnownFileType = sourcecode.swift; path = HomeAssistantTests.swift; sourceTree = "<group>"; };
		B657A9021CA646EB00121384 /* Info.plist */ = {isa = PBXFileReference; lastKnownFileType = text.plist.xml; path = Info.plist; sourceTree = "<group>"; };
		B657A9071CA646EB00121384 /* HomeAssistantUITests.xctest */ = {isa = PBXFileReference; explicitFileType = wrapper.cfbundle; includeInIndex = 0; path = HomeAssistantUITests.xctest; sourceTree = BUILT_PRODUCTS_DIR; };
		B657A90B1CA646EB00121384 /* HomeAssistantUITests.swift */ = {isa = PBXFileReference; lastKnownFileType = sourcecode.swift; path = HomeAssistantUITests.swift; sourceTree = "<group>"; };
		B657A90D1CA646EB00121384 /* Info.plist */ = {isa = PBXFileReference; lastKnownFileType = text.plist.xml; path = Info.plist; sourceTree = "<group>"; };
		B657A9191CA647C500121384 /* HAAPI.swift */ = {isa = PBXFileReference; fileEncoding = 4; lastKnownFileType = sourcecode.swift; path = HAAPI.swift; sourceTree = "<group>"; };
		B6E1237A1CB1EBE100375722 /* SNSLambda.js */ = {isa = PBXFileReference; fileEncoding = 4; lastKnownFileType = sourcecode.javascript; path = SNSLambda.js; sourceTree = "<group>"; };
		B6E47E871CBA01310027F6CA /* CallService.swift */ = {isa = PBXFileReference; fileEncoding = 4; lastKnownFileType = sourcecode.swift; path = CallService.swift; sourceTree = "<group>"; };
		B6E47E891CBA01DC0027F6CA /* ServiceExecuted.swift */ = {isa = PBXFileReference; fileEncoding = 4; lastKnownFileType = sourcecode.swift; path = ServiceExecuted.swift; sourceTree = "<group>"; };
		B6E47E8D1CBA3EDB0027F6CA /* ZoneComponent.swift */ = {isa = PBXFileReference; fileEncoding = 4; lastKnownFileType = sourcecode.swift; path = ZoneComponent.swift; sourceTree = "<group>"; };
		B6E47E981CBB47CC0027F6CA /* DeviceUID.h */ = {isa = PBXFileReference; lastKnownFileType = sourcecode.c.h; path = DeviceUID.h; sourceTree = "<group>"; };
		B6E47E991CBB47EC0027F6CA /* DeviceUID.m */ = {isa = PBXFileReference; fileEncoding = 4; lastKnownFileType = sourcecode.c.objc; path = DeviceUID.m; sourceTree = "<group>"; };
		B6E8579B1CB0F37200F96925 /* HomeAssistant-Bridging-Header.h */ = {isa = PBXFileReference; lastKnownFileType = sourcecode.c.h; path = "HomeAssistant-Bridging-Header.h"; sourceTree = SOURCE_ROOT; };
		B6E857A11CB1CCCC00F96925 /* Utils.swift */ = {isa = PBXFileReference; fileEncoding = 4; lastKnownFileType = sourcecode.swift; path = Utils.swift; sourceTree = "<group>"; };
		B6F02BE81CB46AF40029ABE7 /* Entity.swift */ = {isa = PBXFileReference; fileEncoding = 4; lastKnownFileType = sourcecode.swift; path = Entity.swift; sourceTree = "<group>"; };
		B6F02BEA1CB46D090029ABE7 /* GroupComponent.swift */ = {isa = PBXFileReference; fileEncoding = 4; lastKnownFileType = sourcecode.swift; path = GroupComponent.swift; sourceTree = "<group>"; };
		B6F02BED1CB46EB10029ABE7 /* Status.swift */ = {isa = PBXFileReference; fileEncoding = 4; lastKnownFileType = sourcecode.swift; path = Status.swift; sourceTree = "<group>"; };
		B6F02BEF1CB46EC70029ABE7 /* Bootstrap.swift */ = {isa = PBXFileReference; fileEncoding = 4; lastKnownFileType = sourcecode.swift; path = Bootstrap.swift; sourceTree = "<group>"; };
		B6F02BF11CB470570029ABE7 /* Config.swift */ = {isa = PBXFileReference; fileEncoding = 4; lastKnownFileType = sourcecode.swift; path = Config.swift; sourceTree = "<group>"; };
		B6F02BF51CB4728D0029ABE7 /* History.swift */ = {isa = PBXFileReference; fileEncoding = 4; lastKnownFileType = sourcecode.swift; path = History.swift; sourceTree = "<group>"; };
		B6F02BF91CB47F930029ABE7 /* Events.swift */ = {isa = PBXFileReference; fileEncoding = 4; lastKnownFileType = sourcecode.swift; path = Events.swift; sourceTree = "<group>"; };
		B6F02BFB1CB4800C0029ABE7 /* Services.swift */ = {isa = PBXFileReference; fileEncoding = 4; lastKnownFileType = sourcecode.swift; path = Services.swift; sourceTree = "<group>"; };
		B6F02C001CB489770029ABE7 /* BinarySensorComponent.swift */ = {isa = PBXFileReference; fileEncoding = 4; lastKnownFileType = sourcecode.swift; path = BinarySensorComponent.swift; sourceTree = "<group>"; };
		B6F02C011CB489770029ABE7 /* DeviceTrackerComponent.swift */ = {isa = PBXFileReference; fileEncoding = 4; lastKnownFileType = sourcecode.swift; path = DeviceTrackerComponent.swift; sourceTree = "<group>"; };
		B6F02C021CB489770029ABE7 /* GarageDoorComponent.swift */ = {isa = PBXFileReference; fileEncoding = 4; lastKnownFileType = sourcecode.swift; path = GarageDoorComponent.swift; sourceTree = "<group>"; };
		B6F02C031CB489770029ABE7 /* InputBooleanComponent.swift */ = {isa = PBXFileReference; fileEncoding = 4; lastKnownFileType = sourcecode.swift; path = InputBooleanComponent.swift; sourceTree = "<group>"; };
		B6F02C041CB489770029ABE7 /* InputSelectComponent.swift */ = {isa = PBXFileReference; fileEncoding = 4; lastKnownFileType = sourcecode.swift; path = InputSelectComponent.swift; sourceTree = "<group>"; };
		B6F02C051CB489770029ABE7 /* LightComponent.swift */ = {isa = PBXFileReference; fileEncoding = 4; lastKnownFileType = sourcecode.swift; path = LightComponent.swift; sourceTree = "<group>"; };
		B6F02C061CB489770029ABE7 /* LockComponent.swift */ = {isa = PBXFileReference; fileEncoding = 4; lastKnownFileType = sourcecode.swift; path = LockComponent.swift; sourceTree = "<group>"; };
		B6F02C071CB489770029ABE7 /* MediaPlayerComponent.swift */ = {isa = PBXFileReference; fileEncoding = 4; lastKnownFileType = sourcecode.swift; path = MediaPlayerComponent.swift; sourceTree = "<group>"; };
		B6F02C081CB489770029ABE7 /* SceneComponent.swift */ = {isa = PBXFileReference; fileEncoding = 4; lastKnownFileType = sourcecode.swift; path = SceneComponent.swift; sourceTree = "<group>"; };
		B6F02C091CB489770029ABE7 /* ScriptComponent.swift */ = {isa = PBXFileReference; fileEncoding = 4; lastKnownFileType = sourcecode.swift; path = ScriptComponent.swift; sourceTree = "<group>"; };
		B6F02C0A1CB489770029ABE7 /* SensorComponent.swift */ = {isa = PBXFileReference; fileEncoding = 4; lastKnownFileType = sourcecode.swift; path = SensorComponent.swift; sourceTree = "<group>"; };
		B6F02C0B1CB489770029ABE7 /* SunComponent.swift */ = {isa = PBXFileReference; fileEncoding = 4; lastKnownFileType = sourcecode.swift; path = SunComponent.swift; sourceTree = "<group>"; };
		B6F02C0C1CB489770029ABE7 /* SwitchComponent.swift */ = {isa = PBXFileReference; fileEncoding = 4; lastKnownFileType = sourcecode.swift; path = SwitchComponent.swift; sourceTree = "<group>"; };
		B6F02C0D1CB489770029ABE7 /* ThermostatComponent.swift */ = {isa = PBXFileReference; fileEncoding = 4; lastKnownFileType = sourcecode.swift; path = ThermostatComponent.swift; sourceTree = "<group>"; };
		B6F02C0E1CB489770029ABE7 /* WeblinkComponent.swift */ = {isa = PBXFileReference; fileEncoding = 4; lastKnownFileType = sourcecode.swift; path = WeblinkComponent.swift; sourceTree = "<group>"; };
		B6F700491CB34FA600753BAB /* GroupViewController.swift */ = {isa = PBXFileReference; fileEncoding = 4; lastKnownFileType = sourcecode.swift; path = GroupViewController.swift; sourceTree = "<group>"; };
		B6F700511CB374F700753BAB /* RootTabBarViewController.swift */ = {isa = PBXFileReference; fileEncoding = 4; lastKnownFileType = sourcecode.swift; path = RootTabBarViewController.swift; sourceTree = "<group>"; };
/* End PBXFileReference section */

/* Begin PBXFrameworksBuildPhase section */
		B657A8E31CA646EB00121384 /* Frameworks */ = {
			isa = PBXFrameworksBuildPhase;
			buildActionMask = 2147483647;
			files = (
				B6393F881CB2561100503916 /* MapKit.framework in Frameworks */,
				6E36319C48CF8F82D7702470 /* Pods_HomeAssistant.framework in Frameworks */,
			);
			runOnlyForDeploymentPostprocessing = 0;
		};
		B657A8F91CA646EB00121384 /* Frameworks */ = {
			isa = PBXFrameworksBuildPhase;
			buildActionMask = 2147483647;
			files = (
			);
			runOnlyForDeploymentPostprocessing = 0;
		};
		B657A9041CA646EB00121384 /* Frameworks */ = {
			isa = PBXFrameworksBuildPhase;
			buildActionMask = 2147483647;
			files = (
			);
			runOnlyForDeploymentPostprocessing = 0;
		};
/* End PBXFrameworksBuildPhase section */

/* Begin PBXGroup section */
		29278BB24639BA945D3D86B4 /* Frameworks */ = {
			isa = PBXGroup;
			children = (
				B6393F871CB2561100503916 /* MapKit.framework */,
				88052763960E54E202BAED19 /* Pods_HomeAssistant.framework */,
			);
			name = Frameworks;
			sourceTree = "<group>";
		};
		999D6D6DE4BCAC6DAD78AD20 /* Pods */ = {
			isa = PBXGroup;
			children = (
				92AFEE5E5170AAC8E1C39DEE /* Pods-HomeAssistant.debug.xcconfig */,
				5790ADF749393A229F29A51B /* Pods-HomeAssistant.release.xcconfig */,
			);
			name = Pods;
			sourceTree = "<group>";
		};
		B60B35BD1CB62A8200887BE1 /* SwitchWithInfoButton */ = {
			isa = PBXGroup;
			children = (
				B60B35B91CB6019B00887BE1 /* SwitchWithInfoButton.swift */,
				B60B35BE1CB62AA200887BE1 /* SwitchWithInfoButton.xib */,
			);
			name = SwitchWithInfoButton;
			sourceTree = "<group>";
		};
		B64D047B1CB8915500B945C8 /* SSE */ = {
			isa = PBXGroup;
			children = (
				B64D04791CB8908B00B945C8 /* StateChanged.swift */,
				B64D047C1CB8916300B945C8 /* Event.swift */,
				B6E47E871CBA01310027F6CA /* CallService.swift */,
				B6E47E891CBA01DC0027F6CA /* ServiceExecuted.swift */,
			);
			name = SSE;
			sourceTree = "<group>";
		};
		B657A8DD1CA646EB00121384 = {
			isa = PBXGroup;
			children = (
				B657A8E81CA646EB00121384 /* HomeAssistant */,
				B657A8FF1CA646EB00121384 /* HomeAssistantTests */,
				B657A90A1CA646EB00121384 /* HomeAssistantUITests */,
				B657A8E71CA646EB00121384 /* Products */,
				999D6D6DE4BCAC6DAD78AD20 /* Pods */,
				29278BB24639BA945D3D86B4 /* Frameworks */,
			);
			sourceTree = "<group>";
		};
		B657A8E71CA646EB00121384 /* Products */ = {
			isa = PBXGroup;
			children = (
				B657A8E61CA646EB00121384 /* HomeAssistant.app */,
				B657A8FC1CA646EB00121384 /* HomeAssistantTests.xctest */,
				B657A9071CA646EB00121384 /* HomeAssistantUITests.xctest */,
			);
			name = Products;
			sourceTree = "<group>";
		};
		B657A8E81CA646EB00121384 /* HomeAssistant */ = {
			isa = PBXGroup;
			children = (
				B6F02BE71CB4698A0029ABE7 /* Classes */,
				B6E123791CB1EBB500375722 /* External */,
				B657A8E91CA646EB00121384 /* AppDelegate.swift */,
				B6F700491CB34FA600753BAB /* GroupViewController.swift */,
				B657A8ED1CA646EB00121384 /* SettingsViewController.swift */,
				B6393F8B1CB260E800503916 /* EntityAttributesViewController.swift */,
				B657A8EF1CA646EB00121384 /* Main.storyboard */,
				B657A8F21CA646EB00121384 /* Assets.xcassets */,
				B657A8F41CA646EB00121384 /* LaunchScreen.storyboard */,
				B657A8F71CA646EB00121384 /* Info.plist */,
				B657A9191CA647C500121384 /* HAAPI.swift */,
				B6E8579B1CB0F37200F96925 /* HomeAssistant-Bridging-Header.h */,
				B6E857A11CB1CCCC00F96925 /* Utils.swift */,
				B6393F851CB255F200503916 /* EurekaLocationRow.swift */,
				B6F700511CB374F700753BAB /* RootTabBarViewController.swift */,
				B624DE171CB8369200F413CE /* DevicesMapViewController.swift */,
				B6E47E981CBB47CC0027F6CA /* DeviceUID.h */,
				B6E47E991CBB47EC0027F6CA /* DeviceUID.m */,
			);
			path = HomeAssistant;
			sourceTree = "<group>";
		};
		B657A8FF1CA646EB00121384 /* HomeAssistantTests */ = {
			isa = PBXGroup;
			children = (
				B657A9001CA646EB00121384 /* HomeAssistantTests.swift */,
				B657A9021CA646EB00121384 /* Info.plist */,
			);
			path = HomeAssistantTests;
			sourceTree = "<group>";
		};
		B657A90A1CA646EB00121384 /* HomeAssistantUITests */ = {
			isa = PBXGroup;
			children = (
				B657A90B1CA646EB00121384 /* HomeAssistantUITests.swift */,
				B657A90D1CA646EB00121384 /* Info.plist */,
			);
			path = HomeAssistantUITests;
			sourceTree = "<group>";
		};
		B6E123791CB1EBB500375722 /* External */ = {
			isa = PBXGroup;
			children = (
				B6E1237A1CB1EBE100375722 /* SNSLambda.js */,
			);
			name = External;
			sourceTree = "<group>";
		};
		B6F02BE71CB4698A0029ABE7 /* Classes */ = {
			isa = PBXGroup;
			children = (
				B6F02C1E1CB4ABF30029ABE7 /* Row Types */,
				B6F02BFF1CB4880C0029ABE7 /* Components */,
				B6F02BEC1CB46E810029ABE7 /* HA API Responses */,
				B6F02BE81CB46AF40029ABE7 /* Entity.swift */,
			);
			name = Classes;
			sourceTree = "<group>";
		};
		B6F02BEC1CB46E810029ABE7 /* HA API Responses */ = {
			isa = PBXGroup;
			children = (
				B64D047B1CB8915500B945C8 /* SSE */,
				B6F02BED1CB46EB10029ABE7 /* Status.swift */,
				B6F02BEF1CB46EC70029ABE7 /* Bootstrap.swift */,
				B6F02BF11CB470570029ABE7 /* Config.swift */,
				B6F02BF51CB4728D0029ABE7 /* History.swift */,
				B6F02BF91CB47F930029ABE7 /* Events.swift */,
				B6F02BFB1CB4800C0029ABE7 /* Services.swift */,
			);
			name = "HA API Responses";
			sourceTree = "<group>";
		};
		B6F02BFF1CB4880C0029ABE7 /* Components */ = {
			isa = PBXGroup;
			children = (
				B6F02C001CB489770029ABE7 /* BinarySensorComponent.swift */,
				B6F02C011CB489770029ABE7 /* DeviceTrackerComponent.swift */,
				B6F02C021CB489770029ABE7 /* GarageDoorComponent.swift */,
				B6F02BEA1CB46D090029ABE7 /* GroupComponent.swift */,
				B6F02C031CB489770029ABE7 /* InputBooleanComponent.swift */,
				B6F02C041CB489770029ABE7 /* InputSelectComponent.swift */,
				B6F02C051CB489770029ABE7 /* LightComponent.swift */,
				B6F02C061CB489770029ABE7 /* LockComponent.swift */,
				B6F02C071CB489770029ABE7 /* MediaPlayerComponent.swift */,
				B6F02C081CB489770029ABE7 /* SceneComponent.swift */,
				B6F02C091CB489770029ABE7 /* ScriptComponent.swift */,
				B6F02C0A1CB489770029ABE7 /* SensorComponent.swift */,
				B6F02C0B1CB489770029ABE7 /* SunComponent.swift */,
				B6F02C0C1CB489770029ABE7 /* SwitchComponent.swift */,
				B6F02C0D1CB489770029ABE7 /* ThermostatComponent.swift */,
				B6F02C0E1CB489770029ABE7 /* WeblinkComponent.swift */,
				B6E47E8D1CBA3EDB0027F6CA /* ZoneComponent.swift */,
			);
			name = Components;
			sourceTree = "<group>";
		};
		B6F02C1E1CB4ABF30029ABE7 /* Row Types */ = {
			isa = PBXGroup;
			children = (
				B60B35BD1CB62A8200887BE1 /* SwitchWithInfoButton */,
			);
			name = "Row Types";
			sourceTree = "<group>";
		};
/* End PBXGroup section */

/* Begin PBXNativeTarget section */
		B657A8E51CA646EB00121384 /* HomeAssistant */ = {
			isa = PBXNativeTarget;
			buildConfigurationList = B657A9101CA646EB00121384 /* Build configuration list for PBXNativeTarget "HomeAssistant" */;
			buildPhases = (
				DD514255CDAFED1D636735E9 /* Check Pods Manifest.lock */,
				B657A8E21CA646EB00121384 /* Sources */,
				B657A8E31CA646EB00121384 /* Frameworks */,
				B657A8E41CA646EB00121384 /* Resources */,
				A8C8507CD59406CF59ABD2A4 /* Embed Pods Frameworks */,
				FDB76AF813D330C227A96AA6 /* Copy Pods Resources */,
				B6E8579C1CB1167200F96925 /* ShellScript */,
				B6E47E861CB9FD350027F6CA /* ShellScript */,
			);
			buildRules = (
			);
			dependencies = (
			);
			name = HomeAssistant;
			productName = HomeAssistant;
			productReference = B657A8E61CA646EB00121384 /* HomeAssistant.app */;
			productType = "com.apple.product-type.application";
		};
		B657A8FB1CA646EB00121384 /* HomeAssistantTests */ = {
			isa = PBXNativeTarget;
			buildConfigurationList = B657A9131CA646EB00121384 /* Build configuration list for PBXNativeTarget "HomeAssistantTests" */;
			buildPhases = (
				B657A8F81CA646EB00121384 /* Sources */,
				B657A8F91CA646EB00121384 /* Frameworks */,
				B657A8FA1CA646EB00121384 /* Resources */,
			);
			buildRules = (
			);
			dependencies = (
				B657A8FE1CA646EB00121384 /* PBXTargetDependency */,
			);
			name = HomeAssistantTests;
			productName = HomeAssistantTests;
			productReference = B657A8FC1CA646EB00121384 /* HomeAssistantTests.xctest */;
			productType = "com.apple.product-type.bundle.unit-test";
		};
		B657A9061CA646EB00121384 /* HomeAssistantUITests */ = {
			isa = PBXNativeTarget;
			buildConfigurationList = B657A9161CA646EB00121384 /* Build configuration list for PBXNativeTarget "HomeAssistantUITests" */;
			buildPhases = (
				B657A9031CA646EB00121384 /* Sources */,
				B657A9041CA646EB00121384 /* Frameworks */,
				B657A9051CA646EB00121384 /* Resources */,
			);
			buildRules = (
			);
			dependencies = (
				B657A9091CA646EB00121384 /* PBXTargetDependency */,
			);
			name = HomeAssistantUITests;
			productName = HomeAssistantUITests;
			productReference = B657A9071CA646EB00121384 /* HomeAssistantUITests.xctest */;
			productType = "com.apple.product-type.bundle.ui-testing";
		};
/* End PBXNativeTarget section */

/* Begin PBXProject section */
		B657A8DE1CA646EB00121384 /* Project object */ = {
			isa = PBXProject;
			attributes = {
				LastSwiftUpdateCheck = 0730;
				LastUpgradeCheck = 0730;
				ORGANIZATIONNAME = "Robbie Trencheny";
				TargetAttributes = {
					B657A8E51CA646EB00121384 = {
						CreatedOnToolsVersion = 7.3;
						DevelopmentTeam = UTQFCBPQRF;
						SystemCapabilities = {
							com.apple.BackgroundModes = {
								enabled = 1;
							};
							com.apple.HomeKit = {
								enabled = 0;
							};
							com.apple.Maps.iOS = {
								enabled = 1;
							};
							com.apple.Push = {
								enabled = 1;
							};
						};
					};
					B657A8FB1CA646EB00121384 = {
						CreatedOnToolsVersion = 7.3;
						TestTargetID = B657A8E51CA646EB00121384;
					};
					B657A9061CA646EB00121384 = {
						CreatedOnToolsVersion = 7.3;
						TestTargetID = B657A8E51CA646EB00121384;
					};
				};
			};
			buildConfigurationList = B657A8E11CA646EB00121384 /* Build configuration list for PBXProject "HomeAssistant" */;
			compatibilityVersion = "Xcode 3.2";
			developmentRegion = English;
			hasScannedForEncodings = 0;
			knownRegions = (
				en,
				Base,
			);
			mainGroup = B657A8DD1CA646EB00121384;
			productRefGroup = B657A8E71CA646EB00121384 /* Products */;
			projectDirPath = "";
			projectRoot = "";
			targets = (
				B657A8E51CA646EB00121384 /* HomeAssistant */,
				B657A8FB1CA646EB00121384 /* HomeAssistantTests */,
				B657A9061CA646EB00121384 /* HomeAssistantUITests */,
			);
		};
/* End PBXProject section */

/* Begin PBXResourcesBuildPhase section */
		B657A8E41CA646EB00121384 /* Resources */ = {
			isa = PBXResourcesBuildPhase;
			buildActionMask = 2147483647;
			files = (
				B6E1237B1CB1EBE100375722 /* SNSLambda.js in Resources */,
				B657A8F61CA646EB00121384 /* LaunchScreen.storyboard in Resources */,
				B657A8F31CA646EB00121384 /* Assets.xcassets in Resources */,
				B657A8F11CA646EB00121384 /* Main.storyboard in Resources */,
				B60B35BF1CB62AA200887BE1 /* SwitchWithInfoButton.xib in Resources */,
			);
			runOnlyForDeploymentPostprocessing = 0;
		};
		B657A8FA1CA646EB00121384 /* Resources */ = {
			isa = PBXResourcesBuildPhase;
			buildActionMask = 2147483647;
			files = (
			);
			runOnlyForDeploymentPostprocessing = 0;
		};
		B657A9051CA646EB00121384 /* Resources */ = {
			isa = PBXResourcesBuildPhase;
			buildActionMask = 2147483647;
			files = (
			);
			runOnlyForDeploymentPostprocessing = 0;
		};
/* End PBXResourcesBuildPhase section */

/* Begin PBXShellScriptBuildPhase section */
		A8C8507CD59406CF59ABD2A4 /* Embed Pods Frameworks */ = {
			isa = PBXShellScriptBuildPhase;
			buildActionMask = 2147483647;
			files = (
			);
			inputPaths = (
			);
			name = "Embed Pods Frameworks";
			outputPaths = (
			);
			runOnlyForDeploymentPostprocessing = 0;
			shellPath = /bin/sh;
			shellScript = "\"${SRCROOT}/Pods/Target Support Files/Pods-HomeAssistant/Pods-HomeAssistant-frameworks.sh\"\n";
			showEnvVarsInLog = 0;
		};
		B6E47E861CB9FD350027F6CA /* ShellScript */ = {
			isa = PBXShellScriptBuildPhase;
			buildActionMask = 2147483647;
			files = (
			);
			inputPaths = (
			);
			outputPaths = (
			);
			runOnlyForDeploymentPostprocessing = 0;
			shellPath = /bin/sh;
			shellScript = "cp \"${SRCROOT}/Pods/Target Support Files/Pods-HomeAssistant/Pods-HomeAssistant-acknowledgements.plist\" \"${CONFIGURATION_BUILD_DIR}/${UNLOCALIZED_RESOURCES_FOLDER_PATH}/Pods-acknowledgements.plist\"";
		};
		B6E8579C1CB1167200F96925 /* ShellScript */ = {
			isa = PBXShellScriptBuildPhase;
			buildActionMask = 2147483647;
			files = (
			);
			inputPaths = (
			);
			outputPaths = (
			);
			runOnlyForDeploymentPostprocessing = 0;
			shellPath = /bin/sh;
			shellScript = "\"${PODS_ROOT}/Fabric/run\" af2930e95b69736a32e543d07fe9c8078649a61e d1e18a77ecf813c5a72de304e2eb0bf1c2afc6098612966ac15ef9f1589ff506";
		};
		DD514255CDAFED1D636735E9 /* Check Pods Manifest.lock */ = {
			isa = PBXShellScriptBuildPhase;
			buildActionMask = 2147483647;
			files = (
			);
			inputPaths = (
			);
			name = "Check Pods Manifest.lock";
			outputPaths = (
			);
			runOnlyForDeploymentPostprocessing = 0;
			shellPath = /bin/sh;
			shellScript = "diff \"${PODS_ROOT}/../Podfile.lock\" \"${PODS_ROOT}/Manifest.lock\" > /dev/null\nif [[ $? != 0 ]] ; then\n    cat << EOM\nerror: The sandbox is not in sync with the Podfile.lock. Run 'pod install' or update your CocoaPods installation.\nEOM\n    exit 1\nfi\n";
			showEnvVarsInLog = 0;
		};
		FDB76AF813D330C227A96AA6 /* Copy Pods Resources */ = {
			isa = PBXShellScriptBuildPhase;
			buildActionMask = 2147483647;
			files = (
			);
			inputPaths = (
			);
			name = "Copy Pods Resources";
			outputPaths = (
			);
			runOnlyForDeploymentPostprocessing = 0;
			shellPath = /bin/sh;
			shellScript = "\"${SRCROOT}/Pods/Target Support Files/Pods-HomeAssistant/Pods-HomeAssistant-resources.sh\"\n";
			showEnvVarsInLog = 0;
		};
/* End PBXShellScriptBuildPhase section */

/* Begin PBXSourcesBuildPhase section */
		B657A8E21CA646EB00121384 /* Sources */ = {
			isa = PBXSourcesBuildPhase;
			buildActionMask = 2147483647;
			files = (
				B6F7004A1CB34FA600753BAB /* GroupViewController.swift in Sources */,
				B6F02BE91CB46AF40029ABE7 /* Entity.swift in Sources */,
				B6F02C1A1CB489770029ABE7 /* SunComponent.swift in Sources */,
				B6F02C1C1CB489770029ABE7 /* ThermostatComponent.swift in Sources */,
				B6F02C151CB489770029ABE7 /* LockComponent.swift in Sources */,
				B6F02C131CB489770029ABE7 /* InputSelectComponent.swift in Sources */,
				B6F02BF61CB4728D0029ABE7 /* History.swift in Sources */,
				B6F02C181CB489770029ABE7 /* ScriptComponent.swift in Sources */,
				B6F02C161CB489770029ABE7 /* MediaPlayerComponent.swift in Sources */,
				B6393F8C1CB260E800503916 /* EntityAttributesViewController.swift in Sources */,
				B6F02BEB1CB46D090029ABE7 /* GroupComponent.swift in Sources */,
				B60B35BA1CB6019B00887BE1 /* SwitchWithInfoButton.swift in Sources */,
				B6F700521CB374F700753BAB /* RootTabBarViewController.swift in Sources */,
				B64D047A1CB8908B00B945C8 /* StateChanged.swift in Sources */,
				B6E857A21CB1CCCC00F96925 /* Utils.swift in Sources */,
				B6E47E8E1CBA3EDB0027F6CA /* ZoneComponent.swift in Sources */,
				B6F02BF21CB470570029ABE7 /* Config.swift in Sources */,
				B6F02BEE1CB46EB10029ABE7 /* Status.swift in Sources */,
				B6F02C1D1CB489770029ABE7 /* WeblinkComponent.swift in Sources */,
				B657A8EE1CA646EB00121384 /* SettingsViewController.swift in Sources */,
				B6F02BFC1CB4800C0029ABE7 /* Services.swift in Sources */,
				B6F02BF01CB46EC70029ABE7 /* Bootstrap.swift in Sources */,
				B6F02BFA1CB47F930029ABE7 /* Events.swift in Sources */,
				B6F02C0F1CB489770029ABE7 /* BinarySensorComponent.swift in Sources */,
				B6E47E9A1CBB47EC0027F6CA /* DeviceUID.m in Sources */,
				B6F02C121CB489770029ABE7 /* InputBooleanComponent.swift in Sources */,
				B6F02C101CB489770029ABE7 /* DeviceTrackerComponent.swift in Sources */,
				B6F02C191CB489770029ABE7 /* SensorComponent.swift in Sources */,
				B6E47E8A1CBA01DC0027F6CA /* ServiceExecuted.swift in Sources */,
				B6F02C141CB489770029ABE7 /* LightComponent.swift in Sources */,
				B6393F861CB255F200503916 /* EurekaLocationRow.swift in Sources */,
				B64D047D1CB8916300B945C8 /* Event.swift in Sources */,
				B6F02C171CB489770029ABE7 /* SceneComponent.swift in Sources */,
				B657A91A1CA647C500121384 /* HAAPI.swift in Sources */,
				B624DE181CB8369200F413CE /* DevicesMapViewController.swift in Sources */,
				B6F02C1B1CB489770029ABE7 /* SwitchComponent.swift in Sources */,
				B6F02C111CB489770029ABE7 /* GarageDoorComponent.swift in Sources */,
				B657A8EA1CA646EB00121384 /* AppDelegate.swift in Sources */,
				B6E47E881CBA01310027F6CA /* CallService.swift in Sources */,
			);
			runOnlyForDeploymentPostprocessing = 0;
		};
		B657A8F81CA646EB00121384 /* Sources */ = {
			isa = PBXSourcesBuildPhase;
			buildActionMask = 2147483647;
			files = (
				B657A9011CA646EB00121384 /* HomeAssistantTests.swift in Sources */,
			);
			runOnlyForDeploymentPostprocessing = 0;
		};
		B657A9031CA646EB00121384 /* Sources */ = {
			isa = PBXSourcesBuildPhase;
			buildActionMask = 2147483647;
			files = (
				B657A90C1CA646EB00121384 /* HomeAssistantUITests.swift in Sources */,
			);
			runOnlyForDeploymentPostprocessing = 0;
		};
/* End PBXSourcesBuildPhase section */

/* Begin PBXTargetDependency section */
		B657A8FE1CA646EB00121384 /* PBXTargetDependency */ = {
			isa = PBXTargetDependency;
			target = B657A8E51CA646EB00121384 /* HomeAssistant */;
			targetProxy = B657A8FD1CA646EB00121384 /* PBXContainerItemProxy */;
		};
		B657A9091CA646EB00121384 /* PBXTargetDependency */ = {
			isa = PBXTargetDependency;
			target = B657A8E51CA646EB00121384 /* HomeAssistant */;
			targetProxy = B657A9081CA646EB00121384 /* PBXContainerItemProxy */;
		};
/* End PBXTargetDependency section */

/* Begin PBXVariantGroup section */
		B657A8EF1CA646EB00121384 /* Main.storyboard */ = {
			isa = PBXVariantGroup;
			children = (
				B657A8F01CA646EB00121384 /* Base */,
			);
			name = Main.storyboard;
			sourceTree = "<group>";
		};
		B657A8F41CA646EB00121384 /* LaunchScreen.storyboard */ = {
			isa = PBXVariantGroup;
			children = (
				B657A8F51CA646EB00121384 /* Base */,
			);
			name = LaunchScreen.storyboard;
			sourceTree = "<group>";
		};
/* End PBXVariantGroup section */

/* Begin XCBuildConfiguration section */
		B657A90E1CA646EB00121384 /* Debug */ = {
			isa = XCBuildConfiguration;
			buildSettings = {
				ALWAYS_SEARCH_USER_PATHS = NO;
				CLANG_ANALYZER_NONNULL = YES;
				CLANG_CXX_LANGUAGE_STANDARD = "gnu++0x";
				CLANG_CXX_LIBRARY = "libc++";
				CLANG_ENABLE_MODULES = YES;
				CLANG_ENABLE_OBJC_ARC = YES;
				CLANG_WARN_BOOL_CONVERSION = YES;
				CLANG_WARN_CONSTANT_CONVERSION = YES;
				CLANG_WARN_DIRECT_OBJC_ISA_USAGE = YES_ERROR;
				CLANG_WARN_EMPTY_BODY = YES;
				CLANG_WARN_ENUM_CONVERSION = YES;
				CLANG_WARN_INT_CONVERSION = YES;
				CLANG_WARN_OBJC_ROOT_CLASS = YES_ERROR;
				CLANG_WARN_UNREACHABLE_CODE = YES;
				CLANG_WARN__DUPLICATE_METHOD_MATCH = YES;
				CODE_SIGN_IDENTITY = "iPhone Distribution";
				"CODE_SIGN_IDENTITY[sdk=iphoneos*]" = "iPhone Distribution";
				COPY_PHASE_STRIP = NO;
				DEBUG_INFORMATION_FORMAT = dwarf;
				ENABLE_STRICT_OBJC_MSGSEND = YES;
				ENABLE_TESTABILITY = YES;
				GCC_C_LANGUAGE_STANDARD = gnu99;
				GCC_DYNAMIC_NO_PIC = NO;
				GCC_NO_COMMON_BLOCKS = YES;
				GCC_OPTIMIZATION_LEVEL = 0;
				GCC_PREPROCESSOR_DEFINITIONS = (
					"DEBUG=1",
					"$(inherited)",
				);
				GCC_WARN_64_TO_32_BIT_CONVERSION = YES;
				GCC_WARN_ABOUT_RETURN_TYPE = YES_ERROR;
				GCC_WARN_UNDECLARED_SELECTOR = YES;
				GCC_WARN_UNINITIALIZED_AUTOS = YES_AGGRESSIVE;
				GCC_WARN_UNUSED_FUNCTION = YES;
				GCC_WARN_UNUSED_VARIABLE = YES;
				IPHONEOS_DEPLOYMENT_TARGET = 9.0;
				MTL_ENABLE_DEBUG_INFO = YES;
				ONLY_ACTIVE_ARCH = YES;
				PROVISIONING_PROFILE = "$(sigh_io.robbie.HomeAssistant_appstore)";
				SDKROOT = iphoneos;
				SWIFT_OPTIMIZATION_LEVEL = "-Onone";
				TARGETED_DEVICE_FAMILY = "1,2";
			};
			name = Debug;
		};
		B657A90F1CA646EB00121384 /* Release */ = {
			isa = XCBuildConfiguration;
			buildSettings = {
				ALWAYS_SEARCH_USER_PATHS = NO;
				CLANG_ANALYZER_NONNULL = YES;
				CLANG_CXX_LANGUAGE_STANDARD = "gnu++0x";
				CLANG_CXX_LIBRARY = "libc++";
				CLANG_ENABLE_MODULES = YES;
				CLANG_ENABLE_OBJC_ARC = YES;
				CLANG_WARN_BOOL_CONVERSION = YES;
				CLANG_WARN_CONSTANT_CONVERSION = YES;
				CLANG_WARN_DIRECT_OBJC_ISA_USAGE = YES_ERROR;
				CLANG_WARN_EMPTY_BODY = YES;
				CLANG_WARN_ENUM_CONVERSION = YES;
				CLANG_WARN_INT_CONVERSION = YES;
				CLANG_WARN_OBJC_ROOT_CLASS = YES_ERROR;
				CLANG_WARN_UNREACHABLE_CODE = YES;
				CLANG_WARN__DUPLICATE_METHOD_MATCH = YES;
				CODE_SIGN_IDENTITY = "iPhone Distribution";
				"CODE_SIGN_IDENTITY[sdk=iphoneos*]" = "iPhone Distribution";
				COPY_PHASE_STRIP = NO;
				DEBUG_INFORMATION_FORMAT = "dwarf-with-dsym";
				ENABLE_NS_ASSERTIONS = NO;
				ENABLE_STRICT_OBJC_MSGSEND = YES;
				GCC_C_LANGUAGE_STANDARD = gnu99;
				GCC_NO_COMMON_BLOCKS = YES;
				GCC_WARN_64_TO_32_BIT_CONVERSION = YES;
				GCC_WARN_ABOUT_RETURN_TYPE = YES_ERROR;
				GCC_WARN_UNDECLARED_SELECTOR = YES;
				GCC_WARN_UNINITIALIZED_AUTOS = YES_AGGRESSIVE;
				GCC_WARN_UNUSED_FUNCTION = YES;
				GCC_WARN_UNUSED_VARIABLE = YES;
				IPHONEOS_DEPLOYMENT_TARGET = 9.0;
				MTL_ENABLE_DEBUG_INFO = NO;
				PROVISIONING_PROFILE = "$(sigh_io.robbie.HomeAssistant_appstore)";
				SDKROOT = iphoneos;
				TARGETED_DEVICE_FAMILY = "1,2";
				VALIDATE_PRODUCT = YES;
			};
			name = Release;
		};
		B657A9111CA646EB00121384 /* Debug */ = {
			isa = XCBuildConfiguration;
			baseConfigurationReference = 92AFEE5E5170AAC8E1C39DEE /* Pods-HomeAssistant.debug.xcconfig */;
			buildSettings = {
				ASSETCATALOG_COMPILER_APPICON_NAME = AppIcon;
				CODE_SIGN_IDENTITY = "iPhone Distribution";
				"CODE_SIGN_IDENTITY[sdk=iphoneos*]" = "iPhone Distribution";
				CURRENT_PROJECT_VERSION = 12;
				INFOPLIST_FILE = HomeAssistant/Info.plist;
				IPHONEOS_DEPLOYMENT_TARGET = 9.0;
				LD_RUNPATH_SEARCH_PATHS = "$(inherited) @executable_path/Frameworks";
				OTHER_LDFLAGS = (
					"$(inherited)",
					"-ObjC",
					"-l\"c++\"",
					"-l\"z\"",
					"-framework",
					"\"AWSCognito\"",
					"-framework",
					"\"AWSCore\"",
					"-framework",
					"\"AWSSNS\"",
					"-framework",
					"\"Alamofire\"",
					"-framework",
					"\"Crashlytics\"",
					"-framework",
					"\"Eureka\"",
					"-framework",
					"\"Fabric\"",
					"-framework",
					"\"FontAwesomeKit\"",
					"-framework",
					"\"Haneke\"",
					"-framework",
					"\"IKEventSource\"",
					"-framework",
					"\"MBProgressHUD\"",
					"-framework",
					"\"OMGHTTPURLRQ\"",
					"-framework",
					"\"PermissionScope\"",
					"-framework",
					"\"PromiseKit\"",
					"-framework",
					"\"Security\"",
					"-framework",
					"\"SwiftLocation\"",
					"-framework",
					"\"SwiftyJSON\"",
					"-framework",
					"\"SystemConfiguration\"",
					"-framework",
					"\"UIKit\"",
					"-framework",
					"\"Whisper\"",
					"$(inherited)",
				);
				PRODUCT_BUNDLE_IDENTIFIER = io.robbie.HomeAssistant;
				PRODUCT_NAME = "$(TARGET_NAME)";
				PROVISIONING_PROFILE = "$(sigh_io.robbie.HomeAssistant_appstore)";
				SWIFT_OBJC_BRIDGING_HEADER = "HomeAssistant-Bridging-Header.h";
				VERSIONING_SYSTEM = "apple-generic";
			};
			name = Debug;
		};
		B657A9121CA646EB00121384 /* Release */ = {
			isa = XCBuildConfiguration;
			baseConfigurationReference = 5790ADF749393A229F29A51B /* Pods-HomeAssistant.release.xcconfig */;
			buildSettings = {
				ASSETCATALOG_COMPILER_APPICON_NAME = AppIcon;
				CODE_SIGN_IDENTITY = "iPhone Distribution";
				"CODE_SIGN_IDENTITY[sdk=iphoneos*]" = "iPhone Distribution";
				CURRENT_PROJECT_VERSION = 12;
				INFOPLIST_FILE = HomeAssistant/Info.plist;
				IPHONEOS_DEPLOYMENT_TARGET = 9.0;
				LD_RUNPATH_SEARCH_PATHS = "$(inherited) @executable_path/Frameworks";
				OTHER_LDFLAGS = (
					"$(inherited)",
					"-ObjC",
					"-l\"c++\"",
					"-l\"z\"",
					"-framework",
					"\"AWSCognito\"",
					"-framework",
					"\"AWSCore\"",
					"-framework",
					"\"AWSSNS\"",
					"-framework",
					"\"Alamofire\"",
					"-framework",
					"\"Crashlytics\"",
					"-framework",
					"\"Eureka\"",
					"-framework",
					"\"Fabric\"",
					"-framework",
					"\"FontAwesomeKit\"",
					"-framework",
					"\"Haneke\"",
					"-framework",
					"\"IKEventSource\"",
					"-framework",
					"\"MBProgressHUD\"",
					"-framework",
					"\"OMGHTTPURLRQ\"",
					"-framework",
					"\"PermissionScope\"",
					"-framework",
					"\"PromiseKit\"",
					"-framework",
					"\"Security\"",
					"-framework",
					"\"SwiftLocation\"",
					"-framework",
					"\"SwiftyJSON\"",
					"-framework",
					"\"SystemConfiguration\"",
					"-framework",
					"\"UIKit\"",
					"-framework",
					"\"Whisper\"",
					"$(inherited)",
				);
				PRODUCT_BUNDLE_IDENTIFIER = io.robbie.HomeAssistant;
				PRODUCT_NAME = "$(TARGET_NAME)";
				PROVISIONING_PROFILE = "$(sigh_io.robbie.HomeAssistant_appstore)";
				SWIFT_OBJC_BRIDGING_HEADER = "HomeAssistant-Bridging-Header.h";
				VERSIONING_SYSTEM = "apple-generic";
			};
			name = Release;
		};
		B657A9141CA646EB00121384 /* Debug */ = {
			isa = XCBuildConfiguration;
			buildSettings = {
				BUNDLE_LOADER = "$(TEST_HOST)";
				INFOPLIST_FILE = HomeAssistantTests/Info.plist;
				LD_RUNPATH_SEARCH_PATHS = "$(inherited) @executable_path/Frameworks @loader_path/Frameworks";
				PRODUCT_BUNDLE_IDENTIFIER = io.robbie.HomeAssistantTests;
				PRODUCT_NAME = "$(TARGET_NAME)";
				TEST_HOST = "$(BUILT_PRODUCTS_DIR)/HomeAssistant.app/HomeAssistant";
			};
			name = Debug;
		};
		B657A9151CA646EB00121384 /* Release */ = {
			isa = XCBuildConfiguration;
			buildSettings = {
				BUNDLE_LOADER = "$(TEST_HOST)";
				INFOPLIST_FILE = HomeAssistantTests/Info.plist;
				LD_RUNPATH_SEARCH_PATHS = "$(inherited) @executable_path/Frameworks @loader_path/Frameworks";
				PRODUCT_BUNDLE_IDENTIFIER = io.robbie.HomeAssistantTests;
				PRODUCT_NAME = "$(TARGET_NAME)";
				TEST_HOST = "$(BUILT_PRODUCTS_DIR)/HomeAssistant.app/HomeAssistant";
			};
			name = Release;
		};
		B657A9171CA646EB00121384 /* Debug */ = {
			isa = XCBuildConfiguration;
			buildSettings = {
				INFOPLIST_FILE = HomeAssistantUITests/Info.plist;
				LD_RUNPATH_SEARCH_PATHS = "$(inherited) @executable_path/Frameworks @loader_path/Frameworks";
				PRODUCT_BUNDLE_IDENTIFIER = io.robbie.HomeAssistantUITests;
				PRODUCT_NAME = "$(TARGET_NAME)";
				TEST_TARGET_NAME = HomeAssistant;
			};
			name = Debug;
		};
		B657A9181CA646EB00121384 /* Release */ = {
			isa = XCBuildConfiguration;
			buildSettings = {
				INFOPLIST_FILE = HomeAssistantUITests/Info.plist;
				LD_RUNPATH_SEARCH_PATHS = "$(inherited) @executable_path/Frameworks @loader_path/Frameworks";
				PRODUCT_BUNDLE_IDENTIFIER = io.robbie.HomeAssistantUITests;
				PRODUCT_NAME = "$(TARGET_NAME)";
				TEST_TARGET_NAME = HomeAssistant;
			};
			name = Release;
		};
/* End XCBuildConfiguration section */

/* Begin XCConfigurationList section */
		B657A8E11CA646EB00121384 /* Build configuration list for PBXProject "HomeAssistant" */ = {
			isa = XCConfigurationList;
			buildConfigurations = (
				B657A90E1CA646EB00121384 /* Debug */,
				B657A90F1CA646EB00121384 /* Release */,
			);
			defaultConfigurationIsVisible = 0;
			defaultConfigurationName = Release;
		};
		B657A9101CA646EB00121384 /* Build configuration list for PBXNativeTarget "HomeAssistant" */ = {
			isa = XCConfigurationList;
			buildConfigurations = (
				B657A9111CA646EB00121384 /* Debug */,
				B657A9121CA646EB00121384 /* Release */,
			);
			defaultConfigurationIsVisible = 0;
			defaultConfigurationName = Release;
		};
		B657A9131CA646EB00121384 /* Build configuration list for PBXNativeTarget "HomeAssistantTests" */ = {
			isa = XCConfigurationList;
			buildConfigurations = (
				B657A9141CA646EB00121384 /* Debug */,
				B657A9151CA646EB00121384 /* Release */,
			);
			defaultConfigurationIsVisible = 0;
			defaultConfigurationName = Release;
		};
		B657A9161CA646EB00121384 /* Build configuration list for PBXNativeTarget "HomeAssistantUITests" */ = {
			isa = XCConfigurationList;
			buildConfigurations = (
				B657A9171CA646EB00121384 /* Debug */,
				B657A9181CA646EB00121384 /* Release */,
			);
			defaultConfigurationIsVisible = 0;
			defaultConfigurationName = Release;
		};
/* End XCConfigurationList section */
	};
	rootObject = B657A8DE1CA646EB00121384 /* Project object */;
}
