{
  "object": {
    "pins": [
      {
        "package": "swift-custom-dump",
        "repositoryURL": "https://github.com/pointfreeco/swift-custom-dump",
        "state": {
          "branch": null,
          "revision": "82645ec760917961cfa08c9c0c7104a57a0fa4b1",
          "version": "1.3.3"
        }
      },
      {
        "package": "swift-snapshot-testing",
        "repositoryURL": "https://github.com/pointfreeco/swift-snapshot-testing",
        "state": {
          "branch": null,
          "revision": "b2d4cb30735f4fbc3a01963a9c658336dd21e9ba",
          "version": "1.18.1"
        }
      },
      {
        "package": "swift-syntax",
        "repositoryURL": "https://github.com/swiftlang/swift-syntax",
        "state": {
          "branch": null,
          "revision": "0687f71944021d616d34d922343dcef086855920",
          "version": "600.0.1"
        }
      },
      {
        "package": "xctest-dynamic-overlay",
        "repositoryURL": "https://github.com/pointfreeco/xctest-dynamic-overlay",
        "state": {
          "branch": null,
          "revision": "b444594f79844b0d6d76d70fbfb3f7f71728f938",
          "version": "1.5.1"
        }
      }
    ]
  },
  "version": 1
}
